
Microsoft Visual Studio Solution File, Format Version 12.00
# Visual Studio Version 17
VisualStudioVersion = 17.2.32630.192
MinimumVisualStudioVersion = 10.0.40219.1
Project("{FAE04EC0-301F-11D3-BF4B-00C04F79EFBC}") = "NumeroDosApi", "NumeroDosApi\NumeroDosApi.csproj", "{7DEB25BA-9DB8-4095-BE61-AF895D9C2B4B}"
EndProject
Global
	GlobalSection(SolutionConfigurationPlatforms) = preSolution
		Debug|Any CPU = Debug|Any CPU
		Release|Any CPU = Release|Any CPU
	EndGlobalSection
	GlobalSection(ProjectConfigurationPlatforms) = postSolution
		{7DEB25BA-9DB8-4095-BE61-AF895D9C2B4B}.Debug|Any CPU.ActiveCfg = Debug|Any CPU
		{7DEB25BA-9DB8-4095-BE61-AF895D9C2B4B}.Debug|Any CPU.Build.0 = Debug|Any CPU
		{7DEB25BA-9DB8-4095-BE61-AF895D9C2B4B}.Release|Any CPU.ActiveCfg = Release|Any CPU
		{7DEB25BA-9DB8-4095-BE61-AF895D9C2B4B}.Release|Any CPU.Build.0 = Release|Any CPU
	EndGlobalSection
	GlobalSection(SolutionProperties) = preSolution
		HideSolutionNode = FALSE
	EndGlobalSection
	GlobalSection(ExtensibilityGlobals) = postSolution
		SolutionGuid = {F41207F9-6668-46B4-BA6C-7DBDB9A20A96}
	EndGlobalSection
EndGlobal
